
Microsoft Visual Studio Solution File, Format Version 12.00
# Visual Studio Version 17
VisualStudioVersion = 17.1.32319.34
MinimumVisualStudioVersion = 10.0.40219.1
Project("{FAE04EC0-301F-11D3-BF4B-00C04F79EFBC}") = "Hybrid", "Hybrid\Hybrid.csproj", "{B1981B27-575F-404B-8B1F-6F64F058A48E}"
EndProject
Global
	GlobalSection(SolutionConfigurationPlatforms) = preSolution
		Debug|Any CPU = Debug|Any CPU
		Release|Any CPU = Release|Any CPU
	EndGlobalSection
	GlobalSection(ProjectConfigurationPlatforms) = postSolution
		{B1981B27-575F-404B-8B1F-6F64F058A48E}.Debug|Any CPU.ActiveCfg = Debug|Any CPU
		{B1981B27-575F-404B-8B1F-6F64F058A48E}.Debug|Any CPU.Build.0 = Debug|Any CPU
		{B1981B27-575F-404B-8B1F-6F64F058A48E}.Release|Any CPU.ActiveCfg = Release|Any CPU
		{B1981B27-575F-404B-8B1F-6F64F058A48E}.Release|Any CPU.Build.0 = Release|Any CPU
	EndGlobalSection
	GlobalSection(SolutionProperties) = preSolution
		HideSolutionNode = FALSE
	EndGlobalSection
	GlobalSection(ExtensibilityGlobals) = postSolution
		SolutionGuid = {9C6B75C2-17D2-48D1-8280-A9E5ACF0BE00}
	EndGlobalSection
EndGlobal
