
Microsoft Visual Studio Solution File, Format Version 12.00
# Visual Studio Version 17
VisualStudioVersion = 17.1.32319.34
MinimumVisualStudioVersion = 10.0.40219.1
Project("{FAE04EC0-301F-11D3-BF4B-00C04F79EFBC}") = "inheritance", "inheritance\inheritance.csproj", "{394C6840-4134-42A1-AFA7-09B1F69D7215}"
EndProject
Global
	GlobalSection(SolutionConfigurationPlatforms) = preSolution
		Debug|Any CPU = Debug|Any CPU
		Release|Any CPU = Release|Any CPU
	EndGlobalSection
	GlobalSection(ProjectConfigurationPlatforms) = postSolution
		{394C6840-4134-42A1-AFA7-09B1F69D7215}.Debug|Any CPU.ActiveCfg = Debug|Any CPU
		{394C6840-4134-42A1-AFA7-09B1F69D7215}.Debug|Any CPU.Build.0 = Debug|Any CPU
		{394C6840-4134-42A1-AFA7-09B1F69D7215}.Release|Any CPU.ActiveCfg = Release|Any CPU
		{394C6840-4134-42A1-AFA7-09B1F69D7215}.Release|Any CPU.Build.0 = Release|Any CPU
	EndGlobalSection
	GlobalSection(SolutionProperties) = preSolution
		HideSolutionNode = FALSE
	EndGlobalSection
	GlobalSection(ExtensibilityGlobals) = postSolution
		SolutionGuid = {70DC912E-21DB-455B-A67D-06ACCA1D9033}
	EndGlobalSection
EndGlobal
