
Microsoft Visual Studio Solution File, Format Version 12.00
# Visual Studio Version 17
VisualStudioVersion = 17.1.32319.34
MinimumVisualStudioVersion = 10.0.40219.1
Project("{FAE04EC0-301F-11D3-BF4B-00C04F79EFBC}") = "Generics", "Generics\Generics.csproj", "{FAB815FC-0091-433C-8A12-4A9A8E382816}"
EndProject
Global
	GlobalSection(SolutionConfigurationPlatforms) = preSolution
		Debug|Any CPU = Debug|Any CPU
		Release|Any CPU = Release|Any CPU
	EndGlobalSection
	GlobalSection(ProjectConfigurationPlatforms) = postSolution
		{FAB815FC-0091-433C-8A12-4A9A8E382816}.Debug|Any CPU.ActiveCfg = Debug|Any CPU
		{FAB815FC-0091-433C-8A12-4A9A8E382816}.Debug|Any CPU.Build.0 = Debug|Any CPU
		{FAB815FC-0091-433C-8A12-4A9A8E382816}.Release|Any CPU.ActiveCfg = Release|Any CPU
		{FAB815FC-0091-433C-8A12-4A9A8E382816}.Release|Any CPU.Build.0 = Release|Any CPU
	EndGlobalSection
	GlobalSection(SolutionProperties) = preSolution
		HideSolutionNode = FALSE
	EndGlobalSection
	GlobalSection(ExtensibilityGlobals) = postSolution
		SolutionGuid = {0F5B9DA8-43D2-4985-AC16-6060578458D9}
	EndGlobalSection
EndGlobal
