
Microsoft Visual Studio Solution File, Format Version 12.00
# Visual Studio Version 17
VisualStudioVersion = 17.1.32319.34
MinimumVisualStudioVersion = 10.0.40219.1
Project("{FAE04EC0-301F-11D3-BF4B-00C04F79EFBC}") = "Delegate-Event", "Delegate-Event\Delegate-Event.csproj", "{B62CC658-7661-4DA1-96CA-AFFF20577284}"
EndProject
Global
	GlobalSection(SolutionConfigurationPlatforms) = preSolution
		Debug|Any CPU = Debug|Any CPU
		Release|Any CPU = Release|Any CPU
	EndGlobalSection
	GlobalSection(ProjectConfigurationPlatforms) = postSolution
		{B62CC658-7661-4DA1-96CA-AFFF20577284}.Debug|Any CPU.ActiveCfg = Debug|Any CPU
		{B62CC658-7661-4DA1-96CA-AFFF20577284}.Debug|Any CPU.Build.0 = Debug|Any CPU
		{B62CC658-7661-4DA1-96CA-AFFF20577284}.Release|Any CPU.ActiveCfg = Release|Any CPU
		{B62CC658-7661-4DA1-96CA-AFFF20577284}.Release|Any CPU.Build.0 = Release|Any CPU
	EndGlobalSection
	GlobalSection(SolutionProperties) = preSolution
		HideSolutionNode = FALSE
	EndGlobalSection
	GlobalSection(ExtensibilityGlobals) = postSolution
		SolutionGuid = {DA1CAA59-80CE-4B3F-AA13-1F7F7A29FFF9}
	EndGlobalSection
EndGlobal
