
Microsoft Visual Studio Solution File, Format Version 12.00
# Visual Studio Version 17
VisualStudioVersion = 17.1.32319.34
MinimumVisualStudioVersion = 10.0.40219.1
Project("{FAE04EC0-301F-11D3-BF4B-00C04F79EFBC}") = "MethodOverLoading", "MethodOverLoading\MethodOverLoading.csproj", "{66DD3036-EA9B-45DE-AAD6-E6FEB294A72B}"
EndProject
Global
	GlobalSection(SolutionConfigurationPlatforms) = preSolution
		Debug|Any CPU = Debug|Any CPU
		Release|Any CPU = Release|Any CPU
	EndGlobalSection
	GlobalSection(ProjectConfigurationPlatforms) = postSolution
		{66DD3036-EA9B-45DE-AAD6-E6FEB294A72B}.Debug|Any CPU.ActiveCfg = Debug|Any CPU
		{66DD3036-EA9B-45DE-AAD6-E6FEB294A72B}.Debug|Any CPU.Build.0 = Debug|Any CPU
		{66DD3036-EA9B-45DE-AAD6-E6FEB294A72B}.Release|Any CPU.ActiveCfg = Release|Any CPU
		{66DD3036-EA9B-45DE-AAD6-E6FEB294A72B}.Release|Any CPU.Build.0 = Release|Any CPU
	EndGlobalSection
	GlobalSection(SolutionProperties) = preSolution
		HideSolutionNode = FALSE
	EndGlobalSection
	GlobalSection(ExtensibilityGlobals) = postSolution
		SolutionGuid = {ED8219A8-BEEB-4FD0-93A3-9BF62F44A1F5}
	EndGlobalSection
EndGlobal
